// !$*UTF8*$!
{
	archiveVersion = 1;
	classes = {
	};
	objectVersion = 48;
	objects = {

/* Begin PBXBuildFile section */
		BDED7736206B6776005BBE31 /* AppDelegate.swift in Sources */ = {isa = PBXBuildFile; fileRef = BDED7735206B6776005BBE31 /* AppDelegate.swift */; };
		BDED7738206B6776005BBE31 /* MainViewController.swift in Sources */ = {isa = PBXBuildFile; fileRef = BDED7737206B6776005BBE31 /* MainViewController.swift */; };
		BDED773B206B6776005BBE31 /* Main.storyboard in Resources */ = {isa = PBXBuildFile; fileRef = BDED7739206B6776005BBE31 /* Main.storyboard */; };
		BDED773D206B6776005BBE31 /* Assets.xcassets in Resources */ = {isa = PBXBuildFile; fileRef = BDED773C206B6776005BBE31 /* Assets.xcassets */; };
		BDED7740206B6776005BBE31 /* LaunchScreen.storyboard in Resources */ = {isa = PBXBuildFile; fileRef = BDED773E206B6776005BBE31 /* LaunchScreen.storyboard */; };
		BDED774A206B6DF3005BBE31 /* CalculatorInteractor.swift in Sources */ = {isa = PBXBuildFile; fileRef = BDED7749206B6DF3005BBE31 /* CalculatorInteractor.swift */; };
/* End PBXBuildFile section */

/* Begin PBXFileReference section */
		BDED7732206B6776005BBE31 /* UnitTest-Calculator.app */ = {isa = PBXFileReference; explicitFileType = wrapper.application; includeInIndex = 0; path = "UnitTest-Calculator.app"; sourceTree = BUILT_PRODUCTS_DIR; };
		BDED7735206B6776005BBE31 /* AppDelegate.swift */ = {isa = PBXFileReference; lastKnownFileType = sourcecode.swift; path = AppDelegate.swift; sourceTree = "<group>"; };
		BDED7737206B6776005BBE31 /* MainViewController.swift */ = {isa = PBXFileReference; lastKnownFileType = sourcecode.swift; path = MainViewController.swift; sourceTree = "<group>"; };
		BDED773A206B6776005BBE31 /* Base */ = {isa = PBXFileReference; lastKnownFileType = file.storyboard; name = Base; path = Base.lproj/Main.storyboard; sourceTree = "<group>"; };
		BDED773C206B6776005BBE31 /* Assets.xcassets */ = {isa = PBXFileReference; lastKnownFileType = folder.assetcatalog; path = Assets.xcassets; sourceTree = "<group>"; };
		BDED773F206B6776005BBE31 /* Base */ = {isa = PBXFileReference; lastKnownFileType = file.storyboard; name = Base; path = Base.lproj/LaunchScreen.storyboard; sourceTree = "<group>"; };
		BDED7741206B6776005BBE31 /* Info.plist */ = {isa = PBXFileReference; lastKnownFileType = text.plist.xml; path = Info.plist; sourceTree = "<group>"; };
		BDED7749206B6DF3005BBE31 /* CalculatorInteractor.swift */ = {isa = PBXFileReference; lastKnownFileType = sourcecode.swift; path = CalculatorInteractor.swift; sourceTree = "<group>"; };
/* End PBXFileReference section */

/* Begin PBXFrameworksBuildPhase section */
		BDED772F206B6776005BBE31 /* Frameworks */ = {
			isa = PBXFrameworksBuildPhase;
			buildActionMask = 2147483647;
			files = (
			);
			runOnlyForDeploymentPostprocessing = 0;
		};
/* End PBXFrameworksBuildPhase section */

/* Begin PBXGroup section */
		BDED7729206B6776005BBE31 = {
			isa = PBXGroup;
			children = (
				BDED7734206B6776005BBE31 /* UnitTest-Calculator */,
				BDED7733206B6776005BBE31 /* Products */,
			);
			sourceTree = "<group>";
		};
		BDED7733206B6776005BBE31 /* Products */ = {
			isa = PBXGroup;
			children = (
				BDED7732206B6776005BBE31 /* UnitTest-Calculator.app */,
			);
			name = Products;
			sourceTree = "<group>";
		};
		BDED7734206B6776005BBE31 /* UnitTest-Calculator */ = {
			isa = PBXGroup;
			children = (
				BDED7735206B6776005BBE31 /* AppDelegate.swift */,
				BDED7748206B6DE3005BBE31 /* Interactor */,
				BDED7747206B67A7005BBE31 /* Controller */,
				BDED7739206B6776005BBE31 /* Main.storyboard */,
				BDED773C206B6776005BBE31 /* Assets.xcassets */,
				BDED773E206B6776005BBE31 /* LaunchScreen.storyboard */,
				BDED7741206B6776005BBE31 /* Info.plist */,
			);
			path = "UnitTest-Calculator";
			sourceTree = "<group>";
		};
		BDED7747206B67A7005BBE31 /* Controller */ = {
			isa = PBXGroup;
			children = (
				BDED7737206B6776005BBE31 /* MainViewController.swift */,
			);
			path = Controller;
			sourceTree = "<group>";
		};
		BDED7748206B6DE3005BBE31 /* Interactor */ = {
			isa = PBXGroup;
			children = (
				BDED7749206B6DF3005BBE31 /* CalculatorInteractor.swift */,
			);
			path = Interactor;
			sourceTree = "<group>";
		};
/* End PBXGroup section */

/* Begin PBXNativeTarget section */
		BDED7731206B6776005BBE31 /* UnitTest-Calculator */ = {
			isa = PBXNativeTarget;
			buildConfigurationList = BDED7744206B6776005BBE31 /* Build configuration list for PBXNativeTarget "UnitTest-Calculator" */;
			buildPhases = (
				BDED772E206B6776005BBE31 /* Sources */,
				BDED772F206B6776005BBE31 /* Frameworks */,
				BDED7730206B6776005BBE31 /* Resources */,
			);
			buildRules = (
			);
			dependencies = (
			);
			name = "UnitTest-Calculator";
			productName = "UnitTest-Calculator";
			productReference = BDED7732206B6776005BBE31 /* UnitTest-Calculator.app */;
			productType = "com.apple.product-type.application";
		};
/* End PBXNativeTarget section */

/* Begin PBXProject section */
		BDED772A206B6776005BBE31 /* Project object */ = {
			isa = PBXProject;
			attributes = {
				LastSwiftUpdateCheck = 0920;
				LastUpgradeCheck = 0920;
				ORGANIZATIONNAME = RTK;
				TargetAttributes = {
					BDED7731206B6776005BBE31 = {
						CreatedOnToolsVersion = 9.2;
						ProvisioningStyle = Automatic;
					};
				};
			};
			buildConfigurationList = BDED772D206B6776005BBE31 /* Build configuration list for PBXProject "UnitTest-Calculator" */;
			compatibilityVersion = "Xcode 8.0";
			developmentRegion = en;
			hasScannedForEncodings = 0;
			knownRegions = (
				en,
				Base,
			);
			mainGroup = BDED7729206B6776005BBE31;
			productRefGroup = BDED7733206B6776005BBE31 /* Products */;
			projectDirPath = "";
			projectRoot = "";
			targets = (
				BDED7731206B6776005BBE31 /* UnitTest-Calculator */,
			);
		};
/* End PBXProject section */

/* Begin PBXResourcesBuildPhase section */
		BDED7730206B6776005BBE31 /* Resources */ = {
			isa = PBXResourcesBuildPhase;
			buildActionMask = 2147483647;
			files = (
				BDED7740206B6776005BBE31 /* LaunchScreen.storyboard in Resources */,
				BDED773D206B6776005BBE31 /* Assets.xcassets in Resources */,
				BDED773B206B6776005BBE31 /* Main.storyboard in Resources */,
			);
			runOnlyForDeploymentPostprocessing = 0;
		};
/* End PBXResourcesBuildPhase section */

/* Begin PBXSourcesBuildPhase section */
		BDED772E206B6776005BBE31 /* Sources */ = {
			isa = PBXSourcesBuildPhase;
			buildActionMask = 2147483647;
			files = (
				BDED7738206B6776005BBE31 /* MainViewController.swift in Sources */,
				BDED774A206B6DF3005BBE31 /* CalculatorInteractor.swift in Sources */,
				BDED7736206B6776005BBE31 /* AppDelegate.swift in Sources */,
			);
			runOnlyForDeploymentPostprocessing = 0;
		};
/* End PBXSourcesBuildPhase section */

/* Begin PBXVariantGroup section */
		BDED7739206B6776005BBE31 /* Main.storyboard */ = {
			isa = PBXVariantGroup;
			children = (
				BDED773A206B6776005BBE31 /* Base */,
			);
			name = Main.storyboard;
			sourceTree = "<group>";
		};
		BDED773E206B6776005BBE31 /* LaunchScreen.storyboard */ = {
			isa = PBXVariantGroup;
			children = (
				BDED773F206B6776005BBE31 /* Base */,
			);
			name = LaunchScreen.storyboard;
			sourceTree = "<group>";
		};
/* End PBXVariantGroup section */

/* Begin XCBuildConfiguration section */
		BDED7742206B6776005BBE31 /* Debug */ = {
			isa = XCBuildConfiguration;
			buildSettings = {
				ALWAYS_SEARCH_USER_PATHS = NO;
				CLANG_ANALYZER_NONNULL = YES;
				CLANG_ANALYZER_NUMBER_OBJECT_CONVERSION = YES_AGGRESSIVE;
				CLANG_CXX_LANGUAGE_STANDARD = "gnu++14";
				CLANG_CXX_LIBRARY = "libc++";
				CLANG_ENABLE_MODULES = YES;
				CLANG_ENABLE_OBJC_ARC = YES;
				CLANG_WARN_BLOCK_CAPTURE_AUTORELEASING = YES;
				CLANG_WARN_BOOL_CONVERSION = YES;
				CLANG_WARN_COMMA = YES;
				CLANG_WARN_CONSTANT_CONVERSION = YES;
				CLANG_WARN_DIRECT_OBJC_ISA_USAGE = YES_ERROR;
				CLANG_WARN_DOCUMENTATION_COMMENTS = YES;
				CLANG_WARN_EMPTY_BODY = YES;
				CLANG_WARN_ENUM_CONVERSION = YES;
				CLANG_WARN_INFINITE_RECURSION = YES;
				CLANG_WARN_INT_CONVERSION = YES;
				CLANG_WARN_NON_LITERAL_NULL_CONVERSION = YES;
				CLANG_WARN_OBJC_LITERAL_CONVERSION = YES;
				CLANG_WARN_OBJC_ROOT_CLASS = YES_ERROR;
				CLANG_WARN_RANGE_LOOP_ANALYSIS = YES;
				CLANG_WARN_STRICT_PROTOTYPES = YES;
				CLANG_WARN_SUSPICIOUS_MOVE = YES;
				CLANG_WARN_UNGUARDED_AVAILABILITY = YES_AGGRESSIVE;
				CLANG_WARN_UNREACHABLE_CODE = YES;
				CLANG_WARN__DUPLICATE_METHOD_MATCH = YES;
				CODE_SIGN_IDENTITY = "iPhone Developer";
				COPY_PHASE_STRIP = NO;
				DEBUG_INFORMATION_FORMAT = dwarf;
				ENABLE_STRICT_OBJC_MSGSEND = YES;
				ENABLE_TESTABILITY = YES;
				GCC_C_LANGUAGE_STANDARD = gnu11;
				GCC_DYNAMIC_NO_PIC = NO;
				GCC_NO_COMMON_BLOCKS = YES;
				GCC_OPTIMIZATION_LEVEL = 0;
				GCC_PREPROCESSOR_DEFINITIONS = (
					"DEBUG=1",
					"$(inherited)",
				);
				GCC_WARN_64_TO_32_BIT_CONVERSION = YES;
				GCC_WARN_ABOUT_RETURN_TYPE = YES_ERROR;
				GCC_WARN_UNDECLARED_SELECTOR = YES;
				GCC_WARN_UNINITIALIZED_AUTOS = YES_AGGRESSIVE;
				GCC_WARN_UNUSED_FUNCTION = YES;
				GCC_WARN_UNUSED_VARIABLE = YES;
				IPHONEOS_DEPLOYMENT_TARGET = 11.2;
				MTL_ENABLE_DEBUG_INFO = YES;
				ONLY_ACTIVE_ARCH = YES;
				SDKROOT = iphoneos;
				SWIFT_ACTIVE_COMPILATION_CONDITIONS = DEBUG;
				SWIFT_OPTIMIZATION_LEVEL = "-Onone";
			};
			name = Debug;
		};
		BDED7743206B6776005BBE31 /* Release */ = {
			isa = XCBuildConfiguration;
			buildSettings = {
				ALWAYS_SEARCH_USER_PATHS = NO;
				CLANG_ANALYZER_NONNULL = YES;
				CLANG_ANALYZER_NUMBER_OBJECT_CONVERSION = YES_AGGRESSIVE;
				CLANG_CXX_LANGUAGE_STANDARD = "gnu++14";
				CLANG_CXX_LIBRARY = "libc++";
				CLANG_ENABLE_MODULES = YES;
				CLANG_ENABLE_OBJC_ARC = YES;
				CLANG_WARN_BLOCK_CAPTURE_AUTORELEASING = YES;
				CLANG_WARN_BOOL_CONVERSION = YES;
				CLANG_WARN_COMMA = YES;
				CLANG_WARN_CONSTANT_CONVERSION = YES;
				CLANG_WARN_DIRECT_OBJC_ISA_USAGE = YES_ERROR;
				CLANG_WARN_DOCUMENTATION_COMMENTS = YES;
				CLANG_WARN_EMPTY_BODY = YES;
				CLANG_WARN_ENUM_CONVERSION = YES;
				CLANG_WARN_INFINITE_RECURSION = YES;
				CLANG_WARN_INT_CONVERSION = YES;
				CLANG_WARN_NON_LITERAL_NULL_CONVERSION = YES;
				CLANG_WARN_OBJC_LITERAL_CONVERSION = YES;
				CLANG_WARN_OBJC_ROOT_CLASS = YES_ERROR;
				CLANG_WARN_RANGE_LOOP_ANALYSIS = YES;
				CLANG_WARN_STRICT_PROTOTYPES = YES;
				CLANG_WARN_SUSPICIOUS_MOVE = YES;
				CLANG_WARN_UNGUARDED_AVAILABILITY = YES_AGGRESSIVE;
				CLANG_WARN_UNREACHABLE_CODE = YES;
				CLANG_WARN__DUPLICATE_METHOD_MATCH = YES;
				CODE_SIGN_IDENTITY = "iPhone Developer";
				COPY_PHASE_STRIP = NO;
				DEBUG_INFORMATION_FORMAT = "dwarf-with-dsym";
				ENABLE_NS_ASSERTIONS = NO;
				ENABLE_STRICT_OBJC_MSGSEND = YES;
				GCC_C_LANGUAGE_STANDARD = gnu11;
				GCC_NO_COMMON_BLOCKS = YES;
				GCC_WARN_64_TO_32_BIT_CONVERSION = YES;
				GCC_WARN_ABOUT_RETURN_TYPE = YES_ERROR;
				GCC_WARN_UNDECLARED_SELECTOR = YES;
				GCC_WARN_UNINITIALIZED_AUTOS = YES_AGGRESSIVE;
				GCC_WARN_UNUSED_FUNCTION = YES;
				GCC_WARN_UNUSED_VARIABLE = YES;
				IPHONEOS_DEPLOYMENT_TARGET = 11.2;
				MTL_ENABLE_DEBUG_INFO = NO;
				SDKROOT = iphoneos;
				SWIFT_OPTIMIZATION_LEVEL = "-Owholemodule";
				VALIDATE_PRODUCT = YES;
			};
			name = Release;
		};
		BDED7745206B6776005BBE31 /* Debug */ = {
			isa = XCBuildConfiguration;
			buildSettings = {
				ASSETCATALOG_COMPILER_APPICON_NAME = AppIcon;
				CODE_SIGN_STYLE = Automatic;
				DEVELOPMENT_TEAM = NNHRRF86PU;
				INFOPLIST_FILE = "UnitTest-Calculator/Info.plist";
				LD_RUNPATH_SEARCH_PATHS = "$(inherited) @executable_path/Frameworks";
				PRODUCT_BUNDLE_IDENTIFIER = "com.RTK.UnitTest-Calculator";
				PRODUCT_NAME = "$(TARGET_NAME)";
				SWIFT_VERSION = 4.0;
				TARGETED_DEVICE_FAMILY = "1,2";
			};
			name = Debug;
		};
		BDED7746206B6776005BBE31 /* Release */ = {
			isa = XCBuildConfiguration;
			buildSettings = {
				ASSETCATALOG_COMPILER_APPICON_NAME = AppIcon;
				CODE_SIGN_STYLE = Automatic;
				DEVELOPMENT_TEAM = NNHRRF86PU;
				INFOPLIST_FILE = "UnitTest-Calculator/Info.plist";
				LD_RUNPATH_SEARCH_PATHS = "$(inherited) @executable_path/Frameworks";
				PRODUCT_BUNDLE_IDENTIFIER = "com.RTK.UnitTest-Calculator";
				PRODUCT_NAME = "$(TARGET_NAME)";
				SWIFT_VERSION = 4.0;
				TARGETED_DEVICE_FAMILY = "1,2";
			};
			name = Release;
		};
/* End XCBuildConfiguration section */

/* Begin XCConfigurationList section */
		BDED772D206B6776005BBE31 /* Build configuration list for PBXProject "UnitTest-Calculator" */ = {
			isa = XCConfigurationList;
			buildConfigurations = (
				BDED7742206B6776005BBE31 /* Debug */,
				BDED7743206B6776005BBE31 /* Release */,
			);
			defaultConfigurationIsVisible = 0;
			defaultConfigurationName = Release;
		};
		BDED7744206B6776005BBE31 /* Build configuration list for PBXNativeTarget "UnitTest-Calculator" */ = {
			isa = XCConfigurationList;
			buildConfigurations = (
				BDED7745206B6776005BBE31 /* Debug */,
				BDED7746206B6776005BBE31 /* Release */,
			);
			defaultConfigurationIsVisible = 0;
			defaultConfigurationName = Release;
		};
/* End XCConfigurationList section */
	};
	rootObject = BDED772A206B6776005BBE31 /* Project object */;
}
